
Microsoft Visual Studio Solution File, Format Version 12.00
Project("{FAE04EC0-301F-11D3-BF4B-00C04F79EFBC}") = "Masai.web", "Masai.web\Masai.web.csproj", "{653B5A5E-6F65-4B00-BEA4-13B8F5935550}"
EndProject
Global
	GlobalSection(SolutionConfigurationPlatforms) = preSolution
		Debug|Any CPU = Debug|Any CPU
		Release|Any CPU = Release|Any CPU
	EndGlobalSection
	GlobalSection(ProjectConfigurationPlatforms) = postSolution
		{653B5A5E-6F65-4B00-BEA4-13B8F5935550}.Debug|Any CPU.ActiveCfg = Debug|Any CPU
		{653B5A5E-6F65-4B00-BEA4-13B8F5935550}.Debug|Any CPU.Build.0 = Debug|Any CPU
		{653B5A5E-6F65-4B00-BEA4-13B8F5935550}.Release|Any CPU.ActiveCfg = Release|Any CPU
		{653B5A5E-6F65-4B00-BEA4-13B8F5935550}.Release|Any CPU.Build.0 = Release|Any CPU
	EndGlobalSection
EndGlobal
